
Microsoft Visual Studio Solution File, Format Version 12.00
Project("{FAE04EC0-301F-11D3-BF4B-00C04F79EFBC}") = "AnimalAPI", "AnimalAPI\AnimalAPI.csproj", "{1964955C-7215-40E4-B984-A94799E4C428}"
EndProject
Global
	GlobalSection(SolutionConfigurationPlatforms) = preSolution
		Debug|Any CPU = Debug|Any CPU
		Release|Any CPU = Release|Any CPU
	EndGlobalSection
	GlobalSection(ProjectConfigurationPlatforms) = postSolution
		{1964955C-7215-40E4-B984-A94799E4C428}.Debug|Any CPU.ActiveCfg = Debug|Any CPU
		{1964955C-7215-40E4-B984-A94799E4C428}.Debug|Any CPU.Build.0 = Debug|Any CPU
		{1964955C-7215-40E4-B984-A94799E4C428}.Release|Any CPU.ActiveCfg = Release|Any CPU
		{1964955C-7215-40E4-B984-A94799E4C428}.Release|Any CPU.Build.0 = Release|Any CPU
	EndGlobalSection
EndGlobal
