
Microsoft Visual Studio Solution File, Format Version 12.00
Project("{FAE04EC0-301F-11D3-BF4B-00C04F79EFBC}") = "lecAPBD", "lecAPBD\lecAPBD.csproj", "{5950709B-EA39-4EE4-B0E8-9B152E63183F}"
EndProject
Global
	GlobalSection(SolutionConfigurationPlatforms) = preSolution
		Debug|Any CPU = Debug|Any CPU
		Release|Any CPU = Release|Any CPU
	EndGlobalSection
	GlobalSection(ProjectConfigurationPlatforms) = postSolution
		{5950709B-EA39-4EE4-B0E8-9B152E63183F}.Debug|Any CPU.ActiveCfg = Debug|Any CPU
		{5950709B-EA39-4EE4-B0E8-9B152E63183F}.Debug|Any CPU.Build.0 = Debug|Any CPU
		{5950709B-EA39-4EE4-B0E8-9B152E63183F}.Release|Any CPU.ActiveCfg = Release|Any CPU
		{5950709B-EA39-4EE4-B0E8-9B152E63183F}.Release|Any CPU.Build.0 = Release|Any CPU
	EndGlobalSection
EndGlobal
